
Microsoft Visual Studio Solution File, Format Version 12.00
# Visual Studio Version 16
VisualStudioVersion = 16.0.29418.71
MinimumVisualStudioVersion = 10.0.40219.1
Project("{9A19103F-16F7-4668-BE54-9A1E7A4F7556}") = "PaymentContext.Domain", "PaymentContext.Domain\PaymentContext.Domain.csproj", "{13EC093F-A91A-46E6-952A-9DDF9FB4098B}"
	ProjectSection(ProjectDependencies) = postProject
		{0760C6B9-8C56-495A-9780-3AA41260F33C} = {0760C6B9-8C56-495A-9780-3AA41260F33C}
	EndProjectSection
EndProject
Project("{9A19103F-16F7-4668-BE54-9A1E7A4F7556}") = "PaymentContext.Shared", "PaymentContext.Shared\PaymentContext.Shared.csproj", "{0760C6B9-8C56-495A-9780-3AA41260F33C}"
EndProject
Project("{9A19103F-16F7-4668-BE54-9A1E7A4F7556}") = "PaymentContext.Tests", "PaymentContext.Tests\PaymentContext.Tests\PaymentContext.Tests.csproj", "{AFF25AD1-E7D5-41BF-8060-10AEBABDFE33}"
	ProjectSection(ProjectDependencies) = postProject
		{13EC093F-A91A-46E6-952A-9DDF9FB4098B} = {13EC093F-A91A-46E6-952A-9DDF9FB4098B}
		{0760C6B9-8C56-495A-9780-3AA41260F33C} = {0760C6B9-8C56-495A-9780-3AA41260F33C}
	EndProjectSection
EndProject
Global
	GlobalSection(SolutionConfigurationPlatforms) = preSolution
		Debug|Any CPU = Debug|Any CPU
		Release|Any CPU = Release|Any CPU
	EndGlobalSection
	GlobalSection(ProjectConfigurationPlatforms) = postSolution
		{13EC093F-A91A-46E6-952A-9DDF9FB4098B}.Debug|Any CPU.ActiveCfg = Debug|Any CPU
		{13EC093F-A91A-46E6-952A-9DDF9FB4098B}.Debug|Any CPU.Build.0 = Debug|Any CPU
		{13EC093F-A91A-46E6-952A-9DDF9FB4098B}.Release|Any CPU.ActiveCfg = Release|Any CPU
		{13EC093F-A91A-46E6-952A-9DDF9FB4098B}.Release|Any CPU.Build.0 = Release|Any CPU
		{0760C6B9-8C56-495A-9780-3AA41260F33C}.Debug|Any CPU.ActiveCfg = Debug|Any CPU
		{0760C6B9-8C56-495A-9780-3AA41260F33C}.Debug|Any CPU.Build.0 = Debug|Any CPU
		{0760C6B9-8C56-495A-9780-3AA41260F33C}.Release|Any CPU.ActiveCfg = Release|Any CPU
		{0760C6B9-8C56-495A-9780-3AA41260F33C}.Release|Any CPU.Build.0 = Release|Any CPU
		{AFF25AD1-E7D5-41BF-8060-10AEBABDFE33}.Debug|Any CPU.ActiveCfg = Debug|Any CPU
		{AFF25AD1-E7D5-41BF-8060-10AEBABDFE33}.Debug|Any CPU.Build.0 = Debug|Any CPU
		{AFF25AD1-E7D5-41BF-8060-10AEBABDFE33}.Release|Any CPU.ActiveCfg = Release|Any CPU
		{AFF25AD1-E7D5-41BF-8060-10AEBABDFE33}.Release|Any CPU.Build.0 = Release|Any CPU
	EndGlobalSection
	GlobalSection(SolutionProperties) = preSolution
		HideSolutionNode = FALSE
	EndGlobalSection
	GlobalSection(ExtensibilityGlobals) = postSolution
		SolutionGuid = {C74BA81A-9C9D-450B-B5AB-00F0A63882AD}
	EndGlobalSection
EndGlobal
